
Microsoft Visual Studio Solution File, Format Version 12.00
# Visual Studio Version 17
VisualStudioVersion = 17.0.31903.59
MinimumVisualStudioVersion = 10.0.40219.1
Project("{FAE04EC0-301F-11D3-BF4B-00C04F79EFBC}") = "KHARAZMI RASOOL BEIKI", "KHARAZMI RASOOL BEIKI\KHARAZMI RASOOL BEIKI.csproj", "{9ACAC7B4-8B3A-4BC4-8FE2-B33A50C08AF8}"
EndProject
Global
	GlobalSection(SolutionConfigurationPlatforms) = preSolution
		Debug|Any CPU = Debug|Any CPU
		Release|Any CPU = Release|Any CPU
	EndGlobalSection
	GlobalSection(ProjectConfigurationPlatforms) = postSolution
		{9ACAC7B4-8B3A-4BC4-8FE2-B33A50C08AF8}.Debug|Any CPU.ActiveCfg = Debug|Any CPU
		{9ACAC7B4-8B3A-4BC4-8FE2-B33A50C08AF8}.Debug|Any CPU.Build.0 = Debug|Any CPU
		{9ACAC7B4-8B3A-4BC4-8FE2-B33A50C08AF8}.Release|Any CPU.ActiveCfg = Release|Any CPU
		{9ACAC7B4-8B3A-4BC4-8FE2-B33A50C08AF8}.Release|Any CPU.Build.0 = Release|Any CPU
	EndGlobalSection
	GlobalSection(SolutionProperties) = preSolution
		HideSolutionNode = FALSE
	EndGlobalSection
	GlobalSection(ExtensibilityGlobals) = postSolution
		SolutionGuid = {68CB900B-1A38-4188-8028-09AACD263B1A}
	EndGlobalSection
EndGlobal
